
Microsoft Visual Studio Solution File, Format Version 12.00
# Visual Studio Version 17
VisualStudioVersion = 17.4.33213.308
MinimumVisualStudioVersion = 10.0.40219.1
Project("{FAE04EC0-301F-11D3-BF4B-00C04F79EFBC}") = "module05exercise01.Android", "module05exercise01\module05exercise01.Android\module05exercise01.Android.csproj", "{F9D4CE8C-1711-4444-B99F-1BE96500BCFD}"
EndProject
Project("{FAE04EC0-301F-11D3-BF4B-00C04F79EFBC}") = "module05exercise01", "module05exercise01\module05exercise01\module05exercise01.csproj", "{1E4A7A9B-4FB6-4C86-BDBF-D783C9292BC6}"
EndProject
Global
	GlobalSection(SolutionConfigurationPlatforms) = preSolution
		Debug|Any CPU = Debug|Any CPU
		Release|Any CPU = Release|Any CPU
	EndGlobalSection
	GlobalSection(ProjectConfigurationPlatforms) = postSolution
		{F9D4CE8C-1711-4444-B99F-1BE96500BCFD}.Debug|Any CPU.ActiveCfg = Debug|Any CPU
		{F9D4CE8C-1711-4444-B99F-1BE96500BCFD}.Debug|Any CPU.Build.0 = Debug|Any CPU
		{F9D4CE8C-1711-4444-B99F-1BE96500BCFD}.Debug|Any CPU.Deploy.0 = Debug|Any CPU
		{F9D4CE8C-1711-4444-B99F-1BE96500BCFD}.Release|Any CPU.ActiveCfg = Release|Any CPU
		{F9D4CE8C-1711-4444-B99F-1BE96500BCFD}.Release|Any CPU.Build.0 = Release|Any CPU
		{F9D4CE8C-1711-4444-B99F-1BE96500BCFD}.Release|Any CPU.Deploy.0 = Release|Any CPU
		{1E4A7A9B-4FB6-4C86-BDBF-D783C9292BC6}.Debug|Any CPU.ActiveCfg = Debug|Any CPU
		{1E4A7A9B-4FB6-4C86-BDBF-D783C9292BC6}.Debug|Any CPU.Build.0 = Debug|Any CPU
		{1E4A7A9B-4FB6-4C86-BDBF-D783C9292BC6}.Debug|Any CPU.Deploy.0 = Debug|Any CPU
		{1E4A7A9B-4FB6-4C86-BDBF-D783C9292BC6}.Release|Any CPU.ActiveCfg = Release|Any CPU
		{1E4A7A9B-4FB6-4C86-BDBF-D783C9292BC6}.Release|Any CPU.Build.0 = Release|Any CPU
		{1E4A7A9B-4FB6-4C86-BDBF-D783C9292BC6}.Release|Any CPU.Deploy.0 = Release|Any CPU
	EndGlobalSection
	GlobalSection(SolutionProperties) = preSolution
		HideSolutionNode = FALSE
	EndGlobalSection
	GlobalSection(ExtensibilityGlobals) = postSolution
		SolutionGuid = {952E5189-20A4-40B8-8E39-6B0D5B358E25}
	EndGlobalSection
EndGlobal
